
Microsoft Visual Studio Solution File, Format Version 12.00
# Visual Studio Version 17
VisualStudioVersion = 17.8.34330.188
MinimumVisualStudioVersion = 10.0.40219.1
Project("{9A19103F-16F7-4668-BE54-9A1E7A4F7556}") = "Entities", "Entities\Entities.csproj", "{C095035E-CD42-45C7-B3FD-0ACB2E5EE081}"
EndProject
Project("{9A19103F-16F7-4668-BE54-9A1E7A4F7556}") = "Core", "Core\Core.csproj", "{57523D88-A27D-427B-BDAF-EBF6F07440F6}"
EndProject
Project("{9A19103F-16F7-4668-BE54-9A1E7A4F7556}") = "Business", "Business\Business.csproj", "{AC31749E-90C7-461B-9809-EC723928F5BE}"
EndProject
Project("{9A19103F-16F7-4668-BE54-9A1E7A4F7556}") = "DataAccess", "DataAccess\DataAccess.csproj", "{6F539DB0-E8F2-48C8-8B09-B4B3122F5E1A}"
EndProject
Project("{9A19103F-16F7-4668-BE54-9A1E7A4F7556}") = "ConsoleUI", "ConsoleUI\ConsoleUI.csproj", "{666E470C-39F4-4ED7-AE09-796740302A3A}"
EndProject
Project("{FAE04EC0-301F-11D3-BF4B-00C04F79EFBC}") = "ExchangeRate", "ExchangeRate\ExchangeRate.csproj", "{8D2E0891-D869-41DF-BBD9-32308B52531F}"
EndProject
Global
	GlobalSection(SolutionConfigurationPlatforms) = preSolution
		Debug|Any CPU = Debug|Any CPU
		Release|Any CPU = Release|Any CPU
	EndGlobalSection
	GlobalSection(ProjectConfigurationPlatforms) = postSolution
		{C095035E-CD42-45C7-B3FD-0ACB2E5EE081}.Debug|Any CPU.ActiveCfg = Debug|Any CPU
		{C095035E-CD42-45C7-B3FD-0ACB2E5EE081}.Debug|Any CPU.Build.0 = Debug|Any CPU
		{C095035E-CD42-45C7-B3FD-0ACB2E5EE081}.Release|Any CPU.ActiveCfg = Release|Any CPU
		{C095035E-CD42-45C7-B3FD-0ACB2E5EE081}.Release|Any CPU.Build.0 = Release|Any CPU
		{57523D88-A27D-427B-BDAF-EBF6F07440F6}.Debug|Any CPU.ActiveCfg = Debug|Any CPU
		{57523D88-A27D-427B-BDAF-EBF6F07440F6}.Debug|Any CPU.Build.0 = Debug|Any CPU
		{57523D88-A27D-427B-BDAF-EBF6F07440F6}.Release|Any CPU.ActiveCfg = Release|Any CPU
		{57523D88-A27D-427B-BDAF-EBF6F07440F6}.Release|Any CPU.Build.0 = Release|Any CPU
		{AC31749E-90C7-461B-9809-EC723928F5BE}.Debug|Any CPU.ActiveCfg = Debug|Any CPU
		{AC31749E-90C7-461B-9809-EC723928F5BE}.Debug|Any CPU.Build.0 = Debug|Any CPU
		{AC31749E-90C7-461B-9809-EC723928F5BE}.Release|Any CPU.ActiveCfg = Release|Any CPU
		{AC31749E-90C7-461B-9809-EC723928F5BE}.Release|Any CPU.Build.0 = Release|Any CPU
		{6F539DB0-E8F2-48C8-8B09-B4B3122F5E1A}.Debug|Any CPU.ActiveCfg = Debug|Any CPU
		{6F539DB0-E8F2-48C8-8B09-B4B3122F5E1A}.Debug|Any CPU.Build.0 = Debug|Any CPU
		{6F539DB0-E8F2-48C8-8B09-B4B3122F5E1A}.Release|Any CPU.ActiveCfg = Release|Any CPU
		{6F539DB0-E8F2-48C8-8B09-B4B3122F5E1A}.Release|Any CPU.Build.0 = Release|Any CPU
		{666E470C-39F4-4ED7-AE09-796740302A3A}.Debug|Any CPU.ActiveCfg = Debug|Any CPU
		{666E470C-39F4-4ED7-AE09-796740302A3A}.Debug|Any CPU.Build.0 = Debug|Any CPU
		{666E470C-39F4-4ED7-AE09-796740302A3A}.Release|Any CPU.ActiveCfg = Release|Any CPU
		{666E470C-39F4-4ED7-AE09-796740302A3A}.Release|Any CPU.Build.0 = Release|Any CPU
		{8D2E0891-D869-41DF-BBD9-32308B52531F}.Debug|Any CPU.ActiveCfg = Debug|Any CPU
		{8D2E0891-D869-41DF-BBD9-32308B52531F}.Debug|Any CPU.Build.0 = Debug|Any CPU
		{8D2E0891-D869-41DF-BBD9-32308B52531F}.Release|Any CPU.ActiveCfg = Release|Any CPU
		{8D2E0891-D869-41DF-BBD9-32308B52531F}.Release|Any CPU.Build.0 = Release|Any CPU
	EndGlobalSection
	GlobalSection(SolutionProperties) = preSolution
		HideSolutionNode = FALSE
	EndGlobalSection
	GlobalSection(ExtensibilityGlobals) = postSolution
		SolutionGuid = {26CC14E9-18DE-4C41-9999-B8B7EACBC8F7}
	EndGlobalSection
EndGlobal
